// !$*UTF8*$!
{
	archiveVersion = 1;
	classes = {
	};
	objectVersion = 77;
	objects = {

/* Begin PBXBuildFile section */
		AA11111100000001AAAAAAAAAA /* ChatMessage.swift in Sources */ = {isa = PBXBuildFile; fileRef = AA11111100000005AAAAAAAAAA /* ChatMessage.swift */; };
		AA11111100000002AAAAAAAAAA /* ChatService.swift in Sources */ = {isa = PBXBuildFile; fileRef = AA11111100000006AAAAAAAAAA /* ChatService.swift */; };
		AA11111100000003AAAAAAAAAA /* ChatView.swift in Sources */ = {isa = PBXBuildFile; fileRef = AA11111100000007AAAAAAAAAA /* ChatView.swift */; };
		AA11111100000004AAAAAAAAAA /* LocationView.swift in Sources */ = {isa = PBXBuildFile; fileRef = AA11111100000008AAAAAAAAAA /* LocationView.swift */; };
		3395BE51E75F9C3697314016 /* ContentView.swift in Sources */ = {isa = PBXBuildFile; fileRef = E49CAF3492F5E84ECFCA73D0 /* ContentView.swift */; };
		548D7E4D6DFC56FF4D1EBD3F /* Assets.xcassets in Resources */ = {isa = PBXBuildFile; fileRef = 7D783BDF03454D58841F054C /* Assets.xcassets */; };
		8A5FCA961486FC3FD9D3644C /* Zone.swift in Sources */ = {isa = PBXBuildFile; fileRef = 7A840D54C0353CA0F035D4F6 /* Zone.swift */; };
		9F2FC905D1DA5669A8B48778 /* ApertureApp.swift in Sources */ = {isa = PBXBuildFile; fileRef = 760CF3588DED8E36DB498695 /* ApertureApp.swift */; };
		D51D6DD4FC16B1B23C88BEAD /* LocationManager.swift in Sources */ = {isa = PBXBuildFile; fileRef = 7972286E3DD64C301E21DF12 /* LocationManager.swift */; };
		EBDDAF18BFE6CF36A2977C26 /* AddZoneView.swift in Sources */ = {isa = PBXBuildFile; fileRef = 3ABBA65BFFCFFC0F614272A7 /* AddZoneView.swift */; };
		EC5B8893F4618CE31532BB61 /* API.swift in Sources */ = {isa = PBXBuildFile; fileRef = 20286694825342F9A89A643A /* API.swift */; };
/* End PBXBuildFile section */

/* Begin PBXFileReference section */
		AA11111100000005AAAAAAAAAA /* ChatMessage.swift */ = {isa = PBXFileReference; lastKnownFileType = sourcecode.swift; path = ChatMessage.swift; sourceTree = "<group>"; };
		AA11111100000006AAAAAAAAAA /* ChatService.swift */ = {isa = PBXFileReference; lastKnownFileType = sourcecode.swift; path = ChatService.swift; sourceTree = "<group>"; };
		AA11111100000007AAAAAAAAAA /* ChatView.swift */ = {isa = PBXFileReference; lastKnownFileType = sourcecode.swift; path = ChatView.swift; sourceTree = "<group>"; };
		AA11111100000008AAAAAAAAAA /* LocationView.swift */ = {isa = PBXFileReference; lastKnownFileType = sourcecode.swift; path = LocationView.swift; sourceTree = "<group>"; };
		0D633A3678F317EE7B53746E /* Aperture.app */ = {isa = PBXFileReference; includeInIndex = 0; lastKnownFileType = wrapper.application; path = Aperture.app; sourceTree = BUILT_PRODUCTS_DIR; };
		20286694825342F9A89A643A /* API.swift */ = {isa = PBXFileReference; lastKnownFileType = sourcecode.swift; path = API.swift; sourceTree = "<group>"; };
		26F1318A3FA68DA9AB5A5CD8 /* Info.plist */ = {isa = PBXFileReference; lastKnownFileType = text.plist; path = Info.plist; sourceTree = "<group>"; };
		3197DBE40871162851FBFB14 /* Aperture.entitlements */ = {isa = PBXFileReference; lastKnownFileType = text.plist.entitlements; path = Aperture.entitlements; sourceTree = "<group>"; };
		3ABBA65BFFCFFC0F614272A7 /* AddZoneView.swift */ = {isa = PBXFileReference; lastKnownFileType = sourcecode.swift; path = AddZoneView.swift; sourceTree = "<group>"; };
		760CF3588DED8E36DB498695 /* ApertureApp.swift */ = {isa = PBXFileReference; lastKnownFileType = sourcecode.swift; path = ApertureApp.swift; sourceTree = "<group>"; };
		7972286E3DD64C301E21DF12 /* LocationManager.swift */ = {isa = PBXFileReference; lastKnownFileType = sourcecode.swift; path = LocationManager.swift; sourceTree = "<group>"; };
		7A840D54C0353CA0F035D4F6 /* Zone.swift */ = {isa = PBXFileReference; lastKnownFileType = sourcecode.swift; path = Zone.swift; sourceTree = "<group>"; };
		7D783BDF03454D58841F054C /* Assets.xcassets */ = {isa = PBXFileReference; lastKnownFileType = folder.assetcatalog; path = Assets.xcassets; sourceTree = "<group>"; };
		E49CAF3492F5E84ECFCA73D0 /* ContentView.swift */ = {isa = PBXFileReference; lastKnownFileType = sourcecode.swift; path = ContentView.swift; sourceTree = "<group>"; };
/* End PBXFileReference section */

/* Begin PBXGroup section */
		07BD3FD9DAF8C3E4AB869138 /* Services */ = {
			isa = PBXGroup;
			children = (
				20286694825342F9A89A643A /* API.swift */,
				AA11111100000006AAAAAAAAAA /* ChatService.swift */,
				7972286E3DD64C301E21DF12 /* LocationManager.swift */,
			);
			path = Services;
			sourceTree = "<group>";
		};
		1338B3992218C6B65E2E51C2 /* Views */ = {
			isa = PBXGroup;
			children = (
				3ABBA65BFFCFFC0F614272A7 /* AddZoneView.swift */,
				AA11111100000007AAAAAAAAAA /* ChatView.swift */,
				E49CAF3492F5E84ECFCA73D0 /* ContentView.swift */,
				AA11111100000008AAAAAAAAAA /* LocationView.swift */,
			);
			path = Views;
			sourceTree = "<group>";
		};
		4C95788E66E7D6580F098EFD /* Aperture */ = {
			isa = PBXGroup;
			children = (
				3197DBE40871162851FBFB14 /* Aperture.entitlements */,
				760CF3588DED8E36DB498695 /* ApertureApp.swift */,
				7D783BDF03454D58841F054C /* Assets.xcassets */,
				26F1318A3FA68DA9AB5A5CD8 /* Info.plist */,
				CBC54DEDEDA13EFBA69B0219 /* Models */,
				07BD3FD9DAF8C3E4AB869138 /* Services */,
				1338B3992218C6B65E2E51C2 /* Views */,
			);
			path = Aperture;
			sourceTree = "<group>";
		};
		7AD3F780089B266E072EF5BD /* Products */ = {
			isa = PBXGroup;
			children = (
				0D633A3678F317EE7B53746E /* Aperture.app */,
			);
			name = Products;
			sourceTree = "<group>";
		};
		B51BD37BA5B59F9BF0559B2C = {
			isa = PBXGroup;
			children = (
				4C95788E66E7D6580F098EFD /* Aperture */,
				7AD3F780089B266E072EF5BD /* Products */,
			);
			sourceTree = "<group>";
		};
		CBC54DEDEDA13EFBA69B0219 /* Models */ = {
			isa = PBXGroup;
			children = (
				7A840D54C0353CA0F035D4F6 /* Zone.swift */,
				AA11111100000005AAAAAAAAAA /* ChatMessage.swift */,
			);
			path = Models;
			sourceTree = "<group>";
		};
/* End PBXGroup section */

/* Begin PBXNativeTarget section */
		F0646325F3EDCECE041F6D5B /* Aperture */ = {
			isa = PBXNativeTarget;
			buildConfigurationList = D3BC1F9A2A7BA50762572D7A /* Build configuration list for PBXNativeTarget "Aperture" */;
			buildPhases = (
				2FAA3614C22C4AE73099E08A /* Sources */,
				8765B9E41DB0D8EE874BDEFB /* Resources */,
			);
			buildRules = (
			);
			dependencies = (
			);
			name = Aperture;
			packageProductDependencies = (
			);
			productName = Aperture;
			productReference = 0D633A3678F317EE7B53746E /* Aperture.app */;
			productType = "com.apple.product-type.application";
		};
/* End PBXNativeTarget section */

/* Begin PBXProject section */
		0411FA12BCCFF1AB3E1EEE41 /* Project object */ = {
			isa = PBXProject;
			attributes = {
				BuildIndependentTargetsInParallel = YES;
				LastUpgradeCheck = 1600;
				TargetAttributes = {
					F0646325F3EDCECE041F6D5B = {
						DevelopmentTeam = "";
						ProvisioningStyle = Automatic;
					};
				};
			};
			buildConfigurationList = 22949B202E589C59EF70DA2A /* Build configuration list for PBXProject "Aperture" */;
			developmentRegion = en;
			hasScannedForEncodings = 0;
			knownRegions = (
				Base,
				en,
			);
			mainGroup = B51BD37BA5B59F9BF0559B2C;
			minimizedProjectReferenceProxies = 1;
			preferredProjectObjectVersion = 77;
			productRefGroup = 7AD3F780089B266E072EF5BD /* Products */;
			projectDirPath = "";
			projectRoot = "";
			targets = (
				F0646325F3EDCECE041F6D5B /* Aperture */,
			);
		};
/* End PBXProject section */

/* Begin PBXResourcesBuildPhase section */
		8765B9E41DB0D8EE874BDEFB /* Resources */ = {
			isa = PBXResourcesBuildPhase;
			buildActionMask = 2147483647;
			files = (
				548D7E4D6DFC56FF4D1EBD3F /* Assets.xcassets in Resources */,
			);
			runOnlyForDeploymentPostprocessing = 0;
		};
/* End PBXResourcesBuildPhase section */

/* Begin PBXSourcesBuildPhase section */
		2FAA3614C22C4AE73099E08A /* Sources */ = {
			isa = PBXSourcesBuildPhase;
			buildActionMask = 2147483647;
			files = (
				EC5B8893F4618CE31532BB61 /* API.swift in Sources */,
				AA11111100000001AAAAAAAAAA /* ChatMessage.swift in Sources */,
				AA11111100000002AAAAAAAAAA /* ChatService.swift in Sources */,
				AA11111100000003AAAAAAAAAA /* ChatView.swift in Sources */,
				EBDDAF18BFE6CF36A2977C26 /* AddZoneView.swift in Sources */,
				9F2FC905D1DA5669A8B48778 /* ApertureApp.swift in Sources */,
				3395BE51E75F9C3697314016 /* ContentView.swift in Sources */,
				AA11111100000004AAAAAAAAAA /* LocationView.swift in Sources */,
				D51D6DD4FC16B1B23C88BEAD /* LocationManager.swift in Sources */,
				8A5FCA961486FC3FD9D3644C /* Zone.swift in Sources */,
			);
			runOnlyForDeploymentPostprocessing = 0;
		};
/* End PBXSourcesBuildPhase section */

/* Begin XCBuildConfiguration section */
		810C21A6283A85A49834209B /* Debug */ = {
			isa = XCBuildConfiguration;
			buildSettings = {
				ASSETCATALOG_COMPILER_APPICON_NAME = AppIcon;
				CODE_SIGN_ENTITLEMENTS = Aperture/Aperture.entitlements;
				CODE_SIGN_IDENTITY = "iPhone Developer";
				CODE_SIGN_STYLE = Automatic;
				CURRENT_PROJECT_VERSION = 1;
				ENABLE_PREVIEWS = YES;
				GENERATE_INFOPLIST_FILE = YES;
				INFOPLIST_FILE = Aperture/Info.plist;
				INFOPLIST_KEY_UIApplicationSceneManifest_Generation = YES;
				INFOPLIST_KEY_UIApplicationSupportsIndirectInputEvents = YES;
				INFOPLIST_KEY_UILaunchScreen_Generation = YES;
				INFOPLIST_KEY_UILaunchStoryboardName = LaunchScreen;
				INFOPLIST_KEY_UISupportedInterfaceOrientations = "UIInterfaceOrientationPortrait UIInterfaceOrientationLandscapeLeft UIInterfaceOrientationLandscapeRight";
				LD_RUNPATH_SEARCH_PATHS = (
					"$(inherited)",
					"@executable_path/Frameworks",
				);
				MARKETING_VERSION = 1.0;
				PRODUCT_BUNDLE_IDENTIFIER = com.zoehebbard.Aperture;
				SDKROOT = iphoneos;
				SWIFT_EMIT_LOC_STRINGS = YES;
				TARGETED_DEVICE_FAMILY = 1;
			};
			name = Debug;
		};
		9347BE7E2BD0F8109F1B23CA /* Release */ = {
			isa = XCBuildConfiguration;
			buildSettings = {
				ALWAYS_SEARCH_USER_PATHS = NO;
				CLANG_ANALYZER_NONNULL = YES;
				CLANG_ANALYZER_NUMBER_OBJECT_CONVERSION = YES_AGGRESSIVE;
				CLANG_CXX_LANGUAGE_STANDARD = "gnu++14";
				CLANG_CXX_LIBRARY = "libc++";
				CLANG_ENABLE_MODULES = YES;
				CLANG_ENABLE_OBJC_ARC = YES;
				CLANG_ENABLE_OBJC_WEAK = YES;
				CLANG_WARN_BLOCK_CAPTURE_AUTORELEASING = YES;
				CLANG_WARN_BOOL_CONVERSION = YES;
				CLANG_WARN_COMMA = YES;
				CLANG_WARN_CONSTANT_CONVERSION = YES;
				CLANG_WARN_DEPRECATED_OBJC_IMPLEMENTATIONS = YES;
				CLANG_WARN_DIRECT_OBJC_ISA_USAGE = YES_ERROR;
				CLANG_WARN_DOCUMENTATION_COMMENTS = YES;
				CLANG_WARN_EMPTY_BODY = YES;
				CLANG_WARN_ENUM_CONVERSION = YES;
				CLANG_WARN_INFINITE_RECURSION = YES;
				CLANG_WARN_INT_CONVERSION = YES;
				CLANG_WARN_NON_LITERAL_NULL_CONVERSION = YES;
				CLANG_WARN_OBJC_IMPLICIT_RETAIN_SELF = YES;
				CLANG_WARN_OBJC_LITERAL_CONVERSION = YES;
				CLANG_WARN_OBJC_ROOT_CLASS = YES_ERROR;
				CLANG_WARN_QUOTED_INCLUDE_IN_FRAMEWORK_HEADER = YES;
				CLANG_WARN_RANGE_LOOP_ANALYSIS = YES;
				CLANG_WARN_STRICT_PROTOTYPES = YES;
				CLANG_WARN_SUSPICIOUS_MOVE = YES;
				CLANG_WARN_UNGUARDED_AVAILABILITY = YES_AGGRESSIVE;
				CLANG_WARN_UNREACHABLE_CODE = YES;
				CLANG_WARN__DUPLICATE_METHOD_MATCH = YES;
				COPY_PHASE_STRIP = NO;
				DEBUG_INFORMATION_FORMAT = "dwarf-with-dsym";
				DEVELOPMENT_TEAM = "";
				ENABLE_NS_ASSERTIONS = NO;
				ENABLE_STRICT_OBJC_MSGSEND = YES;
				GCC_C_LANGUAGE_STANDARD = gnu11;
				GCC_NO_COMMON_BLOCKS = YES;
				GCC_WARN_64_TO_32_BIT_CONVERSION = YES;
				GCC_WARN_ABOUT_RETURN_TYPE = YES_ERROR;
				GCC_WARN_UNDECLARED_SELECTOR = YES;
				GCC_WARN_UNINITIALIZED_AUTOS = YES_AGGRESSIVE;
				GCC_WARN_UNUSED_FUNCTION = YES;
				GCC_WARN_UNUSED_VARIABLE = YES;
				IPHONEOS_DEPLOYMENT_TARGET = 17.0;
				MTL_ENABLE_DEBUG_INFO = NO;
				MTL_FAST_MATH = YES;
				PRODUCT_NAME = "$(TARGET_NAME)";
				SDKROOT = iphoneos;
				SWIFT_COMPILATION_MODE = wholemodule;
				SWIFT_OPTIMIZATION_LEVEL = "-O";
				SWIFT_VERSION = 5.9;
			};
			name = Release;
		};
		D3ED72D66E1F11FAFC213931 /* Debug */ = {
			isa = XCBuildConfiguration;
			buildSettings = {
				ALWAYS_SEARCH_USER_PATHS = NO;
				CLANG_ANALYZER_NONNULL = YES;
				CLANG_ANALYZER_NUMBER_OBJECT_CONVERSION = YES_AGGRESSIVE;
				CLANG_CXX_LANGUAGE_STANDARD = "gnu++14";
				CLANG_CXX_LIBRARY = "libc++";
				CLANG_ENABLE_MODULES = YES;
				CLANG_ENABLE_OBJC_ARC = YES;
				CLANG_ENABLE_OBJC_WEAK = YES;
				CLANG_WARN_BLOCK_CAPTURE_AUTORELEASING = YES;
				CLANG_WARN_BOOL_CONVERSION = YES;
				CLANG_WARN_COMMA = YES;
				CLANG_WARN_CONSTANT_CONVERSION = YES;
				CLANG_WARN_DEPRECATED_OBJC_IMPLEMENTATIONS = YES;
				CLANG_WARN_DIRECT_OBJC_ISA_USAGE = YES_ERROR;
				CLANG_WARN_DOCUMENTATION_COMMENTS = YES;
				CLANG_WARN_EMPTY_BODY = YES;
				CLANG_WARN_ENUM_CONVERSION = YES;
				CLANG_WARN_INFINITE_RECURSION = YES;
				CLANG_WARN_INT_CONVERSION = YES;
				CLANG_WARN_NON_LITERAL_NULL_CONVERSION = YES;
				CLANG_WARN_OBJC_IMPLICIT_RETAIN_SELF = YES;
				CLANG_WARN_OBJC_LITERAL_CONVERSION = YES;
				CLANG_WARN_OBJC_ROOT_CLASS = YES_ERROR;
				CLANG_WARN_QUOTED_INCLUDE_IN_FRAMEWORK_HEADER = YES;
				CLANG_WARN_RANGE_LOOP_ANALYSIS = YES;
				CLANG_WARN_STRICT_PROTOTYPES = YES;
				CLANG_WARN_SUSPICIOUS_MOVE = YES;
				CLANG_WARN_UNGUARDED_AVAILABILITY = YES_AGGRESSIVE;
				CLANG_WARN_UNREACHABLE_CODE = YES;
				CLANG_WARN__DUPLICATE_METHOD_MATCH = YES;
				COPY_PHASE_STRIP = NO;
				DEBUG_INFORMATION_FORMAT = dwarf;
				DEVELOPMENT_TEAM = "";
				ENABLE_STRICT_OBJC_MSGSEND = YES;
				ENABLE_TESTABILITY = YES;
				GCC_C_LANGUAGE_STANDARD = gnu11;
				GCC_DYNAMIC_NO_PIC = NO;
				GCC_NO_COMMON_BLOCKS = YES;
				GCC_OPTIMIZATION_LEVEL = 0;
				GCC_PREPROCESSOR_DEFINITIONS = (
					"$(inherited)",
					"DEBUG=1",
				);
				GCC_WARN_64_TO_32_BIT_CONVERSION = YES;
				GCC_WARN_ABOUT_RETURN_TYPE = YES_ERROR;
				GCC_WARN_UNDECLARED_SELECTOR = YES;
				GCC_WARN_UNINITIALIZED_AUTOS = YES_AGGRESSIVE;
				GCC_WARN_UNUSED_FUNCTION = YES;
				GCC_WARN_UNUSED_VARIABLE = YES;
				IPHONEOS_DEPLOYMENT_TARGET = 17.0;
				MTL_ENABLE_DEBUG_INFO = INCLUDE_SOURCE;
				MTL_FAST_MATH = YES;
				ONLY_ACTIVE_ARCH = YES;
				PRODUCT_NAME = "$(TARGET_NAME)";
				SDKROOT = iphoneos;
				SWIFT_ACTIVE_COMPILATION_CONDITIONS = DEBUG;
				SWIFT_OPTIMIZATION_LEVEL = "-Onone";
				SWIFT_VERSION = 5.9;
			};
			name = Debug;
		};
		E9340EDC71AD1EBE9E3DF9F0 /* Release */ = {
			isa = XCBuildConfiguration;
			buildSettings = {
				ASSETCATALOG_COMPILER_APPICON_NAME = AppIcon;
				CODE_SIGN_ENTITLEMENTS = Aperture/Aperture.entitlements;
				CODE_SIGN_IDENTITY = "iPhone Developer";
				CODE_SIGN_STYLE = Automatic;
				CURRENT_PROJECT_VERSION = 1;
				ENABLE_PREVIEWS = YES;
				GENERATE_INFOPLIST_FILE = YES;
				INFOPLIST_FILE = Aperture/Info.plist;
				INFOPLIST_KEY_UIApplicationSceneManifest_Generation = YES;
				INFOPLIST_KEY_UIApplicationSupportsIndirectInputEvents = YES;
				INFOPLIST_KEY_UILaunchScreen_Generation = YES;
				INFOPLIST_KEY_UILaunchStoryboardName = LaunchScreen;
				INFOPLIST_KEY_UISupportedInterfaceOrientations = "UIInterfaceOrientationPortrait UIInterfaceOrientationLandscapeLeft UIInterfaceOrientationLandscapeRight";
				LD_RUNPATH_SEARCH_PATHS = (
					"$(inherited)",
					"@executable_path/Frameworks",
				);
				MARKETING_VERSION = 1.0;
				PRODUCT_BUNDLE_IDENTIFIER = com.zoehebbard.Aperture;
				SDKROOT = iphoneos;
				SWIFT_EMIT_LOC_STRINGS = YES;
				TARGETED_DEVICE_FAMILY = 1;
			};
			name = Release;
		};
/* End XCBuildConfiguration section */

/* Begin XCConfigurationList section */
		22949B202E589C59EF70DA2A /* Build configuration list for PBXProject "Aperture" */ = {
			isa = XCConfigurationList;
			buildConfigurations = (
				D3ED72D66E1F11FAFC213931 /* Debug */,
				9347BE7E2BD0F8109F1B23CA /* Release */,
			);
			defaultConfigurationIsVisible = 0;
			defaultConfigurationName = Debug;
		};
		D3BC1F9A2A7BA50762572D7A /* Build configuration list for PBXNativeTarget "Aperture" */ = {
			isa = XCConfigurationList;
			buildConfigurations = (
				810C21A6283A85A49834209B /* Debug */,
				E9340EDC71AD1EBE9E3DF9F0 /* Release */,
			);
			defaultConfigurationIsVisible = 0;
			defaultConfigurationName = Debug;
		};
/* End XCConfigurationList section */
	};
	rootObject = 0411FA12BCCFF1AB3E1EEE41 /* Project object */;
}
